
Microsoft Visual Studio Solution File, Format Version 12.00
# Visual Studio Version 17
VisualStudioVersion = 17.4.33205.214
MinimumVisualStudioVersion = 10.0.40219.1
Project("{FAE04EC0-301F-11D3-BF4B-00C04F79EFBC}") = "Lines", "Lines\Lines.csproj", "{47AFCAA1-CD13-420E-A8A8-0D624B4DF220}"
EndProject
Global
	GlobalSection(SolutionConfigurationPlatforms) = preSolution
		Debug|Any CPU = Debug|Any CPU
		Release|Any CPU = Release|Any CPU
	EndGlobalSection
	GlobalSection(ProjectConfigurationPlatforms) = postSolution
		{47AFCAA1-CD13-420E-A8A8-0D624B4DF220}.Debug|Any CPU.ActiveCfg = Debug|Any CPU
		{47AFCAA1-CD13-420E-A8A8-0D624B4DF220}.Debug|Any CPU.Build.0 = Debug|Any CPU
		{47AFCAA1-CD13-420E-A8A8-0D624B4DF220}.Release|Any CPU.ActiveCfg = Release|Any CPU
		{47AFCAA1-CD13-420E-A8A8-0D624B4DF220}.Release|Any CPU.Build.0 = Release|Any CPU
	EndGlobalSection
	GlobalSection(SolutionProperties) = preSolution
		HideSolutionNode = FALSE
	EndGlobalSection
	GlobalSection(ExtensibilityGlobals) = postSolution
		SolutionGuid = {32D1D695-CBC4-43A2-86E6-AE84EFEF2656}
	EndGlobalSection
EndGlobal
